
Microsoft Visual Studio Solution File, Format Version 12.00
# Visual Studio Version 17
VisualStudioVersion = 17.3.32929.385
MinimumVisualStudioVersion = 10.0.40219.1
Project("{FAE04EC0-301F-11D3-BF4B-00C04F79EFBC}") = "Molnar_Lorand_Lab6", "Molnar_Lorand_Lab6.csproj", "{682E3DEC-3481-4A5A-806E-9EE32A07B987}"
EndProject
Global
	GlobalSection(SolutionConfigurationPlatforms) = preSolution
		Debug|Any CPU = Debug|Any CPU
		Release|Any CPU = Release|Any CPU
	EndGlobalSection
	GlobalSection(ProjectConfigurationPlatforms) = postSolution
		{682E3DEC-3481-4A5A-806E-9EE32A07B987}.Debug|Any CPU.ActiveCfg = Debug|Any CPU
		{682E3DEC-3481-4A5A-806E-9EE32A07B987}.Debug|Any CPU.Build.0 = Debug|Any CPU
		{682E3DEC-3481-4A5A-806E-9EE32A07B987}.Release|Any CPU.ActiveCfg = Release|Any CPU
		{682E3DEC-3481-4A5A-806E-9EE32A07B987}.Release|Any CPU.Build.0 = Release|Any CPU
	EndGlobalSection
	GlobalSection(SolutionProperties) = preSolution
		HideSolutionNode = FALSE
	EndGlobalSection
	GlobalSection(ExtensibilityGlobals) = postSolution
		SolutionGuid = {13223299-6017-4040-8ED4-A592B559EEA1}
	EndGlobalSection
EndGlobal
